
Microsoft Visual Studio Solution File, Format Version 12.00
# Visual Studio Version 17
VisualStudioVersion = 17.0.31903.59
MinimumVisualStudioVersion = 10.0.40219.1
Project("{9A19103F-16F7-4668-BE54-9A1E7A4F7556}") = "WebCommerce.Web", "WebCommerce.Web\WebCommerce.Web.csproj", "{6349521E-2141-45F3-8C7D-2EB4399BD73C}"
EndProject
Project("{9A19103F-16F7-4668-BE54-9A1E7A4F7556}") = "WebCommerce.Client", "WebCommerce.Client\WebCommerce.Client.csproj", "{808194C7-5FCE-437A-AF87-B9A8C8C09227}"
EndProject
Global
	GlobalSection(SolutionConfigurationPlatforms) = preSolution
		Debug|Any CPU = Debug|Any CPU
		Release|Any CPU = Release|Any CPU
	EndGlobalSection
	GlobalSection(ProjectConfigurationPlatforms) = postSolution
		{6349521E-2141-45F3-8C7D-2EB4399BD73C}.Debug|Any CPU.ActiveCfg = Debug|Any CPU
		{6349521E-2141-45F3-8C7D-2EB4399BD73C}.Debug|Any CPU.Build.0 = Debug|Any CPU
		{6349521E-2141-45F3-8C7D-2EB4399BD73C}.Release|Any CPU.ActiveCfg = Release|Any CPU
		{6349521E-2141-45F3-8C7D-2EB4399BD73C}.Release|Any CPU.Build.0 = Release|Any CPU
		{808194C7-5FCE-437A-AF87-B9A8C8C09227}.Debug|Any CPU.ActiveCfg = Debug|Any CPU
		{808194C7-5FCE-437A-AF87-B9A8C8C09227}.Debug|Any CPU.Build.0 = Debug|Any CPU
		{808194C7-5FCE-437A-AF87-B9A8C8C09227}.Release|Any CPU.ActiveCfg = Release|Any CPU
		{808194C7-5FCE-437A-AF87-B9A8C8C09227}.Release|Any CPU.Build.0 = Release|Any CPU
	EndGlobalSection
	GlobalSection(SolutionProperties) = preSolution
		HideSolutionNode = FALSE
	EndGlobalSection
	GlobalSection(ExtensibilityGlobals) = postSolution
		SolutionGuid = {7A62CCBA-C6BC-4EE1-81FF-044CB07DA596}
	EndGlobalSection
EndGlobal
